
Microsoft Visual Studio Solution File, Format Version 12.00
# Visual Studio Version 16
VisualStudioVersion = 16.0.30523.141
MinimumVisualStudioVersion = 10.0.40219.1
Project("{FAE04EC0-301F-11D3-BF4B-00C04F79EFBC}") = "ConsoleApp1", "ConsoleApp1\ConsoleApp1.csproj", "{A8C26427-D920-480A-BB61-3A4649821047}"
EndProject
Project("{FAE04EC0-301F-11D3-BF4B-00C04F79EFBC}") = "TypesAndVariables", "TypesAndVariables\TypesAndVariables.csproj", "{F7E4442D-D9ED-4C46-BF03-49BD3E017C79}"
EndProject
Project("{FAE04EC0-301F-11D3-BF4B-00C04F79EFBC}") = "Conditionals", "Conditionals\Conditionals.csproj", "{89699C9D-822C-49F5-8D07-40D795654EA6}"
EndProject
Project("{FAE04EC0-301F-11D3-BF4B-00C04F79EFBC}") = "Methods", "Methods\Methods.csproj", "{BEA0B49B-D2C6-4875-B318-7ECEA6809C28}"
EndProject
Project("{FAE04EC0-301F-11D3-BF4B-00C04F79EFBC}") = "Methods2", "Methods2\Methods2.csproj", "{BDC3CA54-6567-4A3D-8394-E4AE9D45E0E9}"
EndProject
Project("{FAE04EC0-301F-11D3-BF4B-00C04F79EFBC}") = "Methods3", "Methods3\Methods3.csproj", "{F7055E9B-3D8C-4571-B58A-41CC49DA62FE}"
EndProject
Project("{FAE04EC0-301F-11D3-BF4B-00C04F79EFBC}") = "MethodsOverloading", "MethodsOverloading\MethodsOverloading.csproj", "{8150EB9A-384E-4FD7-9002-5D4C2FBCBEDA}"
EndProject
Project("{FAE04EC0-301F-11D3-BF4B-00C04F79EFBC}") = "MethodsParamsKeyword", "MethodsParamsKeyword\MethodsParamsKeyword.csproj", "{4924639F-B3D0-418B-A26C-5DC89FF4A380}"
EndProject
Project("{FAE04EC0-301F-11D3-BF4B-00C04F79EFBC}") = "Arrays", "Arrays\Arrays.csproj", "{80E024DB-54EE-44B6-8259-2C53F1CB5A72}"
EndProject
Project("{FAE04EC0-301F-11D3-BF4B-00C04F79EFBC}") = "Arrays2", "Arrays2\Arrays2.csproj", "{48B91821-778D-4916-8C07-EBC94807BC2D}"
EndProject
Project("{FAE04EC0-301F-11D3-BF4B-00C04F79EFBC}") = "Arrays3", "Arrays3\Arrays3.csproj", "{FF8086A0-D623-4583-8793-EA3067AA9F2B}"
EndProject
Project("{FAE04EC0-301F-11D3-BF4B-00C04F79EFBC}") = "Loops", "Loops\Loops.csproj", "{E4AAF2CE-68A4-4E22-B68A-6A0A8DE62C0A}"
EndProject
Project("{FAE04EC0-301F-11D3-BF4B-00C04F79EFBC}") = "Loops1", "Loops1\Loops1.csproj", "{E3BBDB03-7116-4DB3-86BE-B450D2D57642}"
EndProject
Project("{FAE04EC0-301F-11D3-BF4B-00C04F79EFBC}") = "Loops2", "Loops2\Loops2.csproj", "{0D34525B-DD63-4031-998D-8D5B06842FD0}"
EndProject
Project("{FAE04EC0-301F-11D3-BF4B-00C04F79EFBC}") = "Loops3", "Loops3\Loops3.csproj", "{487B63B2-EEF0-44CB-9ADD-45A8EF15607A}"
EndProject
Project("{FAE04EC0-301F-11D3-BF4B-00C04F79EFBC}") = "PrimeNumber", "PrimeNumber\PrimeNumber.csproj", "{7E388596-A985-415E-A3FC-161AB2760430}"
EndProject
Project("{FAE04EC0-301F-11D3-BF4B-00C04F79EFBC}") = "Strings", "Strings\Strings.csproj", "{EE53F5B9-5324-4220-AC71-0E0C4515755B}"
EndProject
Project("{FAE04EC0-301F-11D3-BF4B-00C04F79EFBC}") = "Strings2", "Strings2\Strings2.csproj", "{79A67D4C-6B05-436E-B0D1-508F0101C370}"
EndProject
Project("{FAE04EC0-301F-11D3-BF4B-00C04F79EFBC}") = "Classes", "Classes\Classes.csproj", "{A3368F5D-367B-4890-85AC-BC162C30BDF3}"
EndProject
Project("{FAE04EC0-301F-11D3-BF4B-00C04F79EFBC}") = "RecapDemos1", "RecapDemos1\RecapDemos1.csproj", "{3729D7D6-3DE8-48FB-8CC0-B774978ABC99}"
EndProject
Project("{FAE04EC0-301F-11D3-BF4B-00C04F79EFBC}") = "Interfaces", "Interfaces\Interfaces.csproj", "{74C64939-B71E-405B-A264-88F0A55B15BC}"
EndProject
Project("{FAE04EC0-301F-11D3-BF4B-00C04F79EFBC}") = "Interfaces1", "Interfaces1\Interfaces1.csproj", "{C4263DBE-C071-4500-91E2-851E344FDD3B}"
EndProject
Project("{FAE04EC0-301F-11D3-BF4B-00C04F79EFBC}") = "InterfacesDemo", "InterfacesDemo\InterfacesDemo.csproj", "{04E7D71B-3B29-4DFD-BE64-419721BC80C1}"
EndProject
Project("{FAE04EC0-301F-11D3-BF4B-00C04F79EFBC}") = "Inheritance", "Inheritance\Inheritance.csproj", "{92248737-C957-401C-85F4-A05CE62821A5}"
EndProject
Project("{FAE04EC0-301F-11D3-BF4B-00C04F79EFBC}") = "VirtualMethods", "VirtualMethods\VirtualMethods.csproj", "{D9993F66-4A82-4D24-BC2B-3BDC48A2444E}"
EndProject
Project("{FAE04EC0-301F-11D3-BF4B-00C04F79EFBC}") = "AbstractClasses", "AbstractClasses\AbstractClasses.csproj", "{9E0AB67A-6B9C-4C88-80C6-0BC060249471}"
EndProject
Project("{FAE04EC0-301F-11D3-BF4B-00C04F79EFBC}") = "RecapDemo2", "RecapDemo2\RecapDemo2.csproj", "{525897EE-6567-4708-BBC9-24DFCDCA4423}"
EndProject
Project("{FAE04EC0-301F-11D3-BF4B-00C04F79EFBC}") = "AccesModifiers", "AccersModifiers\AccesModifiers.csproj", "{539EC60C-BC1B-4E46-83F3-6614B63B7897}"
EndProject
Project("{FAE04EC0-301F-11D3-BF4B-00C04F79EFBC}") = "Constructors", "Constructors\Constructors.csproj", "{EE8CC862-1952-4801-840D-AC022AFAF468}"
EndProject
Project("{FAE04EC0-301F-11D3-BF4B-00C04F79EFBC}") = "Constructors1", "Constructors1\Constructors1.csproj", "{E78E2178-50EE-4616-B965-10B73214AF79}"
EndProject
Project("{FAE04EC0-301F-11D3-BF4B-00C04F79EFBC}") = "Constructors2", "Constructors2\Constructors2.csproj", "{1205D430-A7E6-45D9-8790-967EE7FAEE1E}"
EndProject
Project("{FAE04EC0-301F-11D3-BF4B-00C04F79EFBC}") = "Constructors3", "Constructors3\Constructors3.csproj", "{62E66776-D805-4FD9-8D5E-232EF3E66696}"
EndProject
Project("{FAE04EC0-301F-11D3-BF4B-00C04F79EFBC}") = "Constructors4", "Constructors4\Constructors4.csproj", "{6F206DFA-E314-4931-BAE6-3A15FB32A833}"
EndProject
Project("{FAE04EC0-301F-11D3-BF4B-00C04F79EFBC}") = "StudyNotes2", "StudyNotes2\StudyNotes2.csproj", "{F6105D2E-4C24-4B93-AD0B-209ECEB66CE0}"
EndProject
Project("{FAE04EC0-301F-11D3-BF4B-00C04F79EFBC}") = "Collections", "Collections\Collections.csproj", "{CE542629-C24A-4DA4-B7A2-D90226DAC80F}"
EndProject
Project("{FAE04EC0-301F-11D3-BF4B-00C04F79EFBC}") = "Collections2", "Collections2\Collections2.csproj", "{DCBA39FA-9CEE-40A7-96ED-0954A957FA77}"
EndProject
Project("{FAE04EC0-301F-11D3-BF4B-00C04F79EFBC}") = "Collections3", "Collections3\Collections3.csproj", "{DE654D20-BDE3-41DE-9E63-2D009FB74541}"
EndProject
Project("{FAE04EC0-301F-11D3-BF4B-00C04F79EFBC}") = "Collections4", "Collections4\Collections4.csproj", "{4045D979-F85C-44A3-97F1-FE49083FF741}"
EndProject
Project("{FAE04EC0-301F-11D3-BF4B-00C04F79EFBC}") = "Collections5", "Collections5\Collections5.csproj", "{86805DF2-FD03-4908-B168-6239F0241A5E}"
EndProject
Project("{FAE04EC0-301F-11D3-BF4B-00C04F79EFBC}") = "Exceptions", "Exceptions\Exceptions.csproj", "{0EBECD2E-D563-4DE1-88AF-8D6EC171F574}"
EndProject
Project("{FAE04EC0-301F-11D3-BF4B-00C04F79EFBC}") = "Exceptions2", "Exceptions2\Exceptions2.csproj", "{4D0207ED-441F-4904-A527-7DBF9D5C6313}"
EndProject
Project("{FAE04EC0-301F-11D3-BF4B-00C04F79EFBC}") = "AdoNetDemo", "AdoNetDemo\AdoNetDemo.csproj", "{173C434B-3B6D-4333-A533-31EAA0BA0901}"
EndProject
Global
	GlobalSection(SolutionConfigurationPlatforms) = preSolution
		Debug|Any CPU = Debug|Any CPU
		Release|Any CPU = Release|Any CPU
	EndGlobalSection
	GlobalSection(ProjectConfigurationPlatforms) = postSolution
		{A8C26427-D920-480A-BB61-3A4649821047}.Debug|Any CPU.ActiveCfg = Debug|Any CPU
		{A8C26427-D920-480A-BB61-3A4649821047}.Debug|Any CPU.Build.0 = Debug|Any CPU
		{A8C26427-D920-480A-BB61-3A4649821047}.Release|Any CPU.ActiveCfg = Release|Any CPU
		{A8C26427-D920-480A-BB61-3A4649821047}.Release|Any CPU.Build.0 = Release|Any CPU
		{F7E4442D-D9ED-4C46-BF03-49BD3E017C79}.Debug|Any CPU.ActiveCfg = Debug|Any CPU
		{F7E4442D-D9ED-4C46-BF03-49BD3E017C79}.Debug|Any CPU.Build.0 = Debug|Any CPU
		{F7E4442D-D9ED-4C46-BF03-49BD3E017C79}.Release|Any CPU.ActiveCfg = Release|Any CPU
		{F7E4442D-D9ED-4C46-BF03-49BD3E017C79}.Release|Any CPU.Build.0 = Release|Any CPU
		{89699C9D-822C-49F5-8D07-40D795654EA6}.Debug|Any CPU.ActiveCfg = Debug|Any CPU
		{89699C9D-822C-49F5-8D07-40D795654EA6}.Debug|Any CPU.Build.0 = Debug|Any CPU
		{89699C9D-822C-49F5-8D07-40D795654EA6}.Release|Any CPU.ActiveCfg = Release|Any CPU
		{89699C9D-822C-49F5-8D07-40D795654EA6}.Release|Any CPU.Build.0 = Release|Any CPU
		{BEA0B49B-D2C6-4875-B318-7ECEA6809C28}.Debug|Any CPU.ActiveCfg = Debug|Any CPU
		{BEA0B49B-D2C6-4875-B318-7ECEA6809C28}.Debug|Any CPU.Build.0 = Debug|Any CPU
		{BEA0B49B-D2C6-4875-B318-7ECEA6809C28}.Release|Any CPU.ActiveCfg = Release|Any CPU
		{BEA0B49B-D2C6-4875-B318-7ECEA6809C28}.Release|Any CPU.Build.0 = Release|Any CPU
		{BDC3CA54-6567-4A3D-8394-E4AE9D45E0E9}.Debug|Any CPU.ActiveCfg = Debug|Any CPU
		{BDC3CA54-6567-4A3D-8394-E4AE9D45E0E9}.Debug|Any CPU.Build.0 = Debug|Any CPU
		{BDC3CA54-6567-4A3D-8394-E4AE9D45E0E9}.Release|Any CPU.ActiveCfg = Release|Any CPU
		{BDC3CA54-6567-4A3D-8394-E4AE9D45E0E9}.Release|Any CPU.Build.0 = Release|Any CPU
		{F7055E9B-3D8C-4571-B58A-41CC49DA62FE}.Debug|Any CPU.ActiveCfg = Debug|Any CPU
		{F7055E9B-3D8C-4571-B58A-41CC49DA62FE}.Debug|Any CPU.Build.0 = Debug|Any CPU
		{F7055E9B-3D8C-4571-B58A-41CC49DA62FE}.Release|Any CPU.ActiveCfg = Release|Any CPU
		{F7055E9B-3D8C-4571-B58A-41CC49DA62FE}.Release|Any CPU.Build.0 = Release|Any CPU
		{8150EB9A-384E-4FD7-9002-5D4C2FBCBEDA}.Debug|Any CPU.ActiveCfg = Debug|Any CPU
		{8150EB9A-384E-4FD7-9002-5D4C2FBCBEDA}.Debug|Any CPU.Build.0 = Debug|Any CPU
		{8150EB9A-384E-4FD7-9002-5D4C2FBCBEDA}.Release|Any CPU.ActiveCfg = Release|Any CPU
		{8150EB9A-384E-4FD7-9002-5D4C2FBCBEDA}.Release|Any CPU.Build.0 = Release|Any CPU
		{4924639F-B3D0-418B-A26C-5DC89FF4A380}.Debug|Any CPU.ActiveCfg = Debug|Any CPU
		{4924639F-B3D0-418B-A26C-5DC89FF4A380}.Debug|Any CPU.Build.0 = Debug|Any CPU
		{4924639F-B3D0-418B-A26C-5DC89FF4A380}.Release|Any CPU.ActiveCfg = Release|Any CPU
		{4924639F-B3D0-418B-A26C-5DC89FF4A380}.Release|Any CPU.Build.0 = Release|Any CPU
		{80E024DB-54EE-44B6-8259-2C53F1CB5A72}.Debug|Any CPU.ActiveCfg = Debug|Any CPU
		{80E024DB-54EE-44B6-8259-2C53F1CB5A72}.Debug|Any CPU.Build.0 = Debug|Any CPU
		{80E024DB-54EE-44B6-8259-2C53F1CB5A72}.Release|Any CPU.ActiveCfg = Release|Any CPU
		{80E024DB-54EE-44B6-8259-2C53F1CB5A72}.Release|Any CPU.Build.0 = Release|Any CPU
		{48B91821-778D-4916-8C07-EBC94807BC2D}.Debug|Any CPU.ActiveCfg = Debug|Any CPU
		{48B91821-778D-4916-8C07-EBC94807BC2D}.Debug|Any CPU.Build.0 = Debug|Any CPU
		{48B91821-778D-4916-8C07-EBC94807BC2D}.Release|Any CPU.ActiveCfg = Release|Any CPU
		{48B91821-778D-4916-8C07-EBC94807BC2D}.Release|Any CPU.Build.0 = Release|Any CPU
		{FF8086A0-D623-4583-8793-EA3067AA9F2B}.Debug|Any CPU.ActiveCfg = Debug|Any CPU
		{FF8086A0-D623-4583-8793-EA3067AA9F2B}.Debug|Any CPU.Build.0 = Debug|Any CPU
		{FF8086A0-D623-4583-8793-EA3067AA9F2B}.Release|Any CPU.ActiveCfg = Release|Any CPU
		{FF8086A0-D623-4583-8793-EA3067AA9F2B}.Release|Any CPU.Build.0 = Release|Any CPU
		{E4AAF2CE-68A4-4E22-B68A-6A0A8DE62C0A}.Debug|Any CPU.ActiveCfg = Debug|Any CPU
		{E4AAF2CE-68A4-4E22-B68A-6A0A8DE62C0A}.Debug|Any CPU.Build.0 = Debug|Any CPU
		{E4AAF2CE-68A4-4E22-B68A-6A0A8DE62C0A}.Release|Any CPU.ActiveCfg = Release|Any CPU
		{E4AAF2CE-68A4-4E22-B68A-6A0A8DE62C0A}.Release|Any CPU.Build.0 = Release|Any CPU
		{E3BBDB03-7116-4DB3-86BE-B450D2D57642}.Debug|Any CPU.ActiveCfg = Debug|Any CPU
		{E3BBDB03-7116-4DB3-86BE-B450D2D57642}.Debug|Any CPU.Build.0 = Debug|Any CPU
		{E3BBDB03-7116-4DB3-86BE-B450D2D57642}.Release|Any CPU.ActiveCfg = Release|Any CPU
		{E3BBDB03-7116-4DB3-86BE-B450D2D57642}.Release|Any CPU.Build.0 = Release|Any CPU
		{0D34525B-DD63-4031-998D-8D5B06842FD0}.Debug|Any CPU.ActiveCfg = Debug|Any CPU
		{0D34525B-DD63-4031-998D-8D5B06842FD0}.Debug|Any CPU.Build.0 = Debug|Any CPU
		{0D34525B-DD63-4031-998D-8D5B06842FD0}.Release|Any CPU.ActiveCfg = Release|Any CPU
		{0D34525B-DD63-4031-998D-8D5B06842FD0}.Release|Any CPU.Build.0 = Release|Any CPU
		{487B63B2-EEF0-44CB-9ADD-45A8EF15607A}.Debug|Any CPU.ActiveCfg = Debug|Any CPU
		{487B63B2-EEF0-44CB-9ADD-45A8EF15607A}.Debug|Any CPU.Build.0 = Debug|Any CPU
		{487B63B2-EEF0-44CB-9ADD-45A8EF15607A}.Release|Any CPU.ActiveCfg = Release|Any CPU
		{487B63B2-EEF0-44CB-9ADD-45A8EF15607A}.Release|Any CPU.Build.0 = Release|Any CPU
		{7E388596-A985-415E-A3FC-161AB2760430}.Debug|Any CPU.ActiveCfg = Debug|Any CPU
		{7E388596-A985-415E-A3FC-161AB2760430}.Debug|Any CPU.Build.0 = Debug|Any CPU
		{7E388596-A985-415E-A3FC-161AB2760430}.Release|Any CPU.ActiveCfg = Release|Any CPU
		{7E388596-A985-415E-A3FC-161AB2760430}.Release|Any CPU.Build.0 = Release|Any CPU
		{EE53F5B9-5324-4220-AC71-0E0C4515755B}.Debug|Any CPU.ActiveCfg = Debug|Any CPU
		{EE53F5B9-5324-4220-AC71-0E0C4515755B}.Debug|Any CPU.Build.0 = Debug|Any CPU
		{EE53F5B9-5324-4220-AC71-0E0C4515755B}.Release|Any CPU.ActiveCfg = Release|Any CPU
		{EE53F5B9-5324-4220-AC71-0E0C4515755B}.Release|Any CPU.Build.0 = Release|Any CPU
		{79A67D4C-6B05-436E-B0D1-508F0101C370}.Debug|Any CPU.ActiveCfg = Debug|Any CPU
		{79A67D4C-6B05-436E-B0D1-508F0101C370}.Debug|Any CPU.Build.0 = Debug|Any CPU
		{79A67D4C-6B05-436E-B0D1-508F0101C370}.Release|Any CPU.ActiveCfg = Release|Any CPU
		{79A67D4C-6B05-436E-B0D1-508F0101C370}.Release|Any CPU.Build.0 = Release|Any CPU
		{A3368F5D-367B-4890-85AC-BC162C30BDF3}.Debug|Any CPU.ActiveCfg = Debug|Any CPU
		{A3368F5D-367B-4890-85AC-BC162C30BDF3}.Debug|Any CPU.Build.0 = Debug|Any CPU
		{A3368F5D-367B-4890-85AC-BC162C30BDF3}.Release|Any CPU.ActiveCfg = Release|Any CPU
		{A3368F5D-367B-4890-85AC-BC162C30BDF3}.Release|Any CPU.Build.0 = Release|Any CPU
		{3729D7D6-3DE8-48FB-8CC0-B774978ABC99}.Debug|Any CPU.ActiveCfg = Debug|Any CPU
		{3729D7D6-3DE8-48FB-8CC0-B774978ABC99}.Debug|Any CPU.Build.0 = Debug|Any CPU
		{3729D7D6-3DE8-48FB-8CC0-B774978ABC99}.Release|Any CPU.ActiveCfg = Release|Any CPU
		{3729D7D6-3DE8-48FB-8CC0-B774978ABC99}.Release|Any CPU.Build.0 = Release|Any CPU
		{74C64939-B71E-405B-A264-88F0A55B15BC}.Debug|Any CPU.ActiveCfg = Debug|Any CPU
		{74C64939-B71E-405B-A264-88F0A55B15BC}.Debug|Any CPU.Build.0 = Debug|Any CPU
		{74C64939-B71E-405B-A264-88F0A55B15BC}.Release|Any CPU.ActiveCfg = Release|Any CPU
		{74C64939-B71E-405B-A264-88F0A55B15BC}.Release|Any CPU.Build.0 = Release|Any CPU
		{C4263DBE-C071-4500-91E2-851E344FDD3B}.Debug|Any CPU.ActiveCfg = Debug|Any CPU
		{C4263DBE-C071-4500-91E2-851E344FDD3B}.Debug|Any CPU.Build.0 = Debug|Any CPU
		{C4263DBE-C071-4500-91E2-851E344FDD3B}.Release|Any CPU.ActiveCfg = Release|Any CPU
		{C4263DBE-C071-4500-91E2-851E344FDD3B}.Release|Any CPU.Build.0 = Release|Any CPU
		{04E7D71B-3B29-4DFD-BE64-419721BC80C1}.Debug|Any CPU.ActiveCfg = Debug|Any CPU
		{04E7D71B-3B29-4DFD-BE64-419721BC80C1}.Debug|Any CPU.Build.0 = Debug|Any CPU
		{04E7D71B-3B29-4DFD-BE64-419721BC80C1}.Release|Any CPU.ActiveCfg = Release|Any CPU
		{04E7D71B-3B29-4DFD-BE64-419721BC80C1}.Release|Any CPU.Build.0 = Release|Any CPU
		{92248737-C957-401C-85F4-A05CE62821A5}.Debug|Any CPU.ActiveCfg = Debug|Any CPU
		{92248737-C957-401C-85F4-A05CE62821A5}.Debug|Any CPU.Build.0 = Debug|Any CPU
		{92248737-C957-401C-85F4-A05CE62821A5}.Release|Any CPU.ActiveCfg = Release|Any CPU
		{92248737-C957-401C-85F4-A05CE62821A5}.Release|Any CPU.Build.0 = Release|Any CPU
		{D9993F66-4A82-4D24-BC2B-3BDC48A2444E}.Debug|Any CPU.ActiveCfg = Debug|Any CPU
		{D9993F66-4A82-4D24-BC2B-3BDC48A2444E}.Debug|Any CPU.Build.0 = Debug|Any CPU
		{D9993F66-4A82-4D24-BC2B-3BDC48A2444E}.Release|Any CPU.ActiveCfg = Release|Any CPU
		{D9993F66-4A82-4D24-BC2B-3BDC48A2444E}.Release|Any CPU.Build.0 = Release|Any CPU
		{9E0AB67A-6B9C-4C88-80C6-0BC060249471}.Debug|Any CPU.ActiveCfg = Debug|Any CPU
		{9E0AB67A-6B9C-4C88-80C6-0BC060249471}.Debug|Any CPU.Build.0 = Debug|Any CPU
		{9E0AB67A-6B9C-4C88-80C6-0BC060249471}.Release|Any CPU.ActiveCfg = Release|Any CPU
		{9E0AB67A-6B9C-4C88-80C6-0BC060249471}.Release|Any CPU.Build.0 = Release|Any CPU
		{525897EE-6567-4708-BBC9-24DFCDCA4423}.Debug|Any CPU.ActiveCfg = Debug|Any CPU
		{525897EE-6567-4708-BBC9-24DFCDCA4423}.Debug|Any CPU.Build.0 = Debug|Any CPU
		{525897EE-6567-4708-BBC9-24DFCDCA4423}.Release|Any CPU.ActiveCfg = Release|Any CPU
		{525897EE-6567-4708-BBC9-24DFCDCA4423}.Release|Any CPU.Build.0 = Release|Any CPU
		{539EC60C-BC1B-4E46-83F3-6614B63B7897}.Debug|Any CPU.ActiveCfg = Debug|Any CPU
		{539EC60C-BC1B-4E46-83F3-6614B63B7897}.Debug|Any CPU.Build.0 = Debug|Any CPU
		{539EC60C-BC1B-4E46-83F3-6614B63B7897}.Release|Any CPU.ActiveCfg = Release|Any CPU
		{539EC60C-BC1B-4E46-83F3-6614B63B7897}.Release|Any CPU.Build.0 = Release|Any CPU
		{EE8CC862-1952-4801-840D-AC022AFAF468}.Debug|Any CPU.ActiveCfg = Debug|Any CPU
		{EE8CC862-1952-4801-840D-AC022AFAF468}.Debug|Any CPU.Build.0 = Debug|Any CPU
		{EE8CC862-1952-4801-840D-AC022AFAF468}.Release|Any CPU.ActiveCfg = Release|Any CPU
		{EE8CC862-1952-4801-840D-AC022AFAF468}.Release|Any CPU.Build.0 = Release|Any CPU
		{E78E2178-50EE-4616-B965-10B73214AF79}.Debug|Any CPU.ActiveCfg = Debug|Any CPU
		{E78E2178-50EE-4616-B965-10B73214AF79}.Debug|Any CPU.Build.0 = Debug|Any CPU
		{E78E2178-50EE-4616-B965-10B73214AF79}.Release|Any CPU.ActiveCfg = Release|Any CPU
		{E78E2178-50EE-4616-B965-10B73214AF79}.Release|Any CPU.Build.0 = Release|Any CPU
		{1205D430-A7E6-45D9-8790-967EE7FAEE1E}.Debug|Any CPU.ActiveCfg = Debug|Any CPU
		{1205D430-A7E6-45D9-8790-967EE7FAEE1E}.Debug|Any CPU.Build.0 = Debug|Any CPU
		{1205D430-A7E6-45D9-8790-967EE7FAEE1E}.Release|Any CPU.ActiveCfg = Release|Any CPU
		{1205D430-A7E6-45D9-8790-967EE7FAEE1E}.Release|Any CPU.Build.0 = Release|Any CPU
		{62E66776-D805-4FD9-8D5E-232EF3E66696}.Debug|Any CPU.ActiveCfg = Debug|Any CPU
		{62E66776-D805-4FD9-8D5E-232EF3E66696}.Debug|Any CPU.Build.0 = Debug|Any CPU
		{62E66776-D805-4FD9-8D5E-232EF3E66696}.Release|Any CPU.ActiveCfg = Release|Any CPU
		{62E66776-D805-4FD9-8D5E-232EF3E66696}.Release|Any CPU.Build.0 = Release|Any CPU
		{6F206DFA-E314-4931-BAE6-3A15FB32A833}.Debug|Any CPU.ActiveCfg = Debug|Any CPU
		{6F206DFA-E314-4931-BAE6-3A15FB32A833}.Debug|Any CPU.Build.0 = Debug|Any CPU
		{6F206DFA-E314-4931-BAE6-3A15FB32A833}.Release|Any CPU.ActiveCfg = Release|Any CPU
		{6F206DFA-E314-4931-BAE6-3A15FB32A833}.Release|Any CPU.Build.0 = Release|Any CPU
		{F6105D2E-4C24-4B93-AD0B-209ECEB66CE0}.Debug|Any CPU.ActiveCfg = Debug|Any CPU
		{F6105D2E-4C24-4B93-AD0B-209ECEB66CE0}.Debug|Any CPU.Build.0 = Debug|Any CPU
		{F6105D2E-4C24-4B93-AD0B-209ECEB66CE0}.Release|Any CPU.ActiveCfg = Release|Any CPU
		{F6105D2E-4C24-4B93-AD0B-209ECEB66CE0}.Release|Any CPU.Build.0 = Release|Any CPU
		{CE542629-C24A-4DA4-B7A2-D90226DAC80F}.Debug|Any CPU.ActiveCfg = Debug|Any CPU
		{CE542629-C24A-4DA4-B7A2-D90226DAC80F}.Debug|Any CPU.Build.0 = Debug|Any CPU
		{CE542629-C24A-4DA4-B7A2-D90226DAC80F}.Release|Any CPU.ActiveCfg = Release|Any CPU
		{CE542629-C24A-4DA4-B7A2-D90226DAC80F}.Release|Any CPU.Build.0 = Release|Any CPU
		{DCBA39FA-9CEE-40A7-96ED-0954A957FA77}.Debug|Any CPU.ActiveCfg = Debug|Any CPU
		{DCBA39FA-9CEE-40A7-96ED-0954A957FA77}.Debug|Any CPU.Build.0 = Debug|Any CPU
		{DCBA39FA-9CEE-40A7-96ED-0954A957FA77}.Release|Any CPU.ActiveCfg = Release|Any CPU
		{DCBA39FA-9CEE-40A7-96ED-0954A957FA77}.Release|Any CPU.Build.0 = Release|Any CPU
		{DE654D20-BDE3-41DE-9E63-2D009FB74541}.Debug|Any CPU.ActiveCfg = Debug|Any CPU
		{DE654D20-BDE3-41DE-9E63-2D009FB74541}.Debug|Any CPU.Build.0 = Debug|Any CPU
		{DE654D20-BDE3-41DE-9E63-2D009FB74541}.Release|Any CPU.ActiveCfg = Release|Any CPU
		{DE654D20-BDE3-41DE-9E63-2D009FB74541}.Release|Any CPU.Build.0 = Release|Any CPU
		{4045D979-F85C-44A3-97F1-FE49083FF741}.Debug|Any CPU.ActiveCfg = Debug|Any CPU
		{4045D979-F85C-44A3-97F1-FE49083FF741}.Debug|Any CPU.Build.0 = Debug|Any CPU
		{4045D979-F85C-44A3-97F1-FE49083FF741}.Release|Any CPU.ActiveCfg = Release|Any CPU
		{4045D979-F85C-44A3-97F1-FE49083FF741}.Release|Any CPU.Build.0 = Release|Any CPU
		{86805DF2-FD03-4908-B168-6239F0241A5E}.Debug|Any CPU.ActiveCfg = Debug|Any CPU
		{86805DF2-FD03-4908-B168-6239F0241A5E}.Debug|Any CPU.Build.0 = Debug|Any CPU
		{86805DF2-FD03-4908-B168-6239F0241A5E}.Release|Any CPU.ActiveCfg = Release|Any CPU
		{86805DF2-FD03-4908-B168-6239F0241A5E}.Release|Any CPU.Build.0 = Release|Any CPU
		{0EBECD2E-D563-4DE1-88AF-8D6EC171F574}.Debug|Any CPU.ActiveCfg = Debug|Any CPU
		{0EBECD2E-D563-4DE1-88AF-8D6EC171F574}.Debug|Any CPU.Build.0 = Debug|Any CPU
		{0EBECD2E-D563-4DE1-88AF-8D6EC171F574}.Release|Any CPU.ActiveCfg = Release|Any CPU
		{0EBECD2E-D563-4DE1-88AF-8D6EC171F574}.Release|Any CPU.Build.0 = Release|Any CPU
		{4D0207ED-441F-4904-A527-7DBF9D5C6313}.Debug|Any CPU.ActiveCfg = Debug|Any CPU
		{4D0207ED-441F-4904-A527-7DBF9D5C6313}.Debug|Any CPU.Build.0 = Debug|Any CPU
		{4D0207ED-441F-4904-A527-7DBF9D5C6313}.Release|Any CPU.ActiveCfg = Release|Any CPU
		{4D0207ED-441F-4904-A527-7DBF9D5C6313}.Release|Any CPU.Build.0 = Release|Any CPU
		{173C434B-3B6D-4333-A533-31EAA0BA0901}.Debug|Any CPU.ActiveCfg = Debug|Any CPU
		{173C434B-3B6D-4333-A533-31EAA0BA0901}.Debug|Any CPU.Build.0 = Debug|Any CPU
		{173C434B-3B6D-4333-A533-31EAA0BA0901}.Release|Any CPU.ActiveCfg = Release|Any CPU
		{173C434B-3B6D-4333-A533-31EAA0BA0901}.Release|Any CPU.Build.0 = Release|Any CPU
	EndGlobalSection
	GlobalSection(SolutionProperties) = preSolution
		HideSolutionNode = FALSE
	EndGlobalSection
	GlobalSection(ExtensibilityGlobals) = postSolution
		SolutionGuid = {F0EA4926-FC3E-4A22-930F-334D13551EC8}
	EndGlobalSection
EndGlobal
